
Microsoft Visual Studio Solution File, Format Version 12.00
# Visual Studio 15
VisualStudioVersion = 15.0.27130.2036
MinimumVisualStudioVersion = 10.0.40219.1
Project("{2150E333-8FDC-42A3-9474-1A3956D46DE8}") = "Service", "Service", "{87F747C0-9E2F-49CA-9AF1-783DE0E44C88}"
EndProject
Project("{2150E333-8FDC-42A3-9474-1A3956D46DE8}") = "Management", "Management", "{DC509393-E886-40F3-8D46-ED0700052B09}"
EndProject
Project("{2150E333-8FDC-42A3-9474-1A3956D46DE8}") = "Credential", "Credential", "{E01681B9-9A8B-4372-880F-C720FB2A8AF2}"
EndProject
Project("{8BC9CEB8-8B4A-11D0-8D11-00A0C91BC942}") = "CredUILauncher", "Credential\CredUILauncher\CredUILauncher.vcxproj", "{D1F100CA-0215-405D-9B43-7C0AAAAC8880}"
EndProject
Project("{8BC9CEB8-8B4A-11D0-8D11-00A0C91BC942}") = "NFCRingCredentialProvider", "Credential\NFCRingCredentialProvider\NFCRingCredentialProvider.vcxproj", "{6181F937-13C7-4F37-B011-B3828985E402}"
EndProject
Project("{8BC9CEB8-8B4A-11D0-8D11-00A0C91BC942}") = "WinAPIWrapper", "Credential\WinAPIWrapper\WinAPIWrapper.vcxproj", "{4D0363DB-8E8C-4AA7-8EAA-3D2A140670FC}"
EndProject
Project("{FAE04EC0-301F-11D3-BF4B-00C04F79EFBC}") = "CredentialRegistration", "Management\RegistryWriter\CredentialRegistration.csproj", "{6DEAB8BD-E316-4056-894A-DD5ECB1D59B7}"
EndProject
Project("{FAE04EC0-301F-11D3-BF4B-00C04F79EFBC}") = "NFCRing.Service.Host", "Service\NFCRingServiceHost\NFCRing.Service.Host.csproj", "{379FBAB4-4421-4995-8229-9641F6D08671}"
EndProject
Project("{FAE04EC0-301F-11D3-BF4B-00C04F79EFBC}") = "NFCRing.Service.Core", "Service\NFCRingServiceCore\NFCRing.Service.Core.csproj", "{2B5956FC-B173-4744-8D1A-D839899E8A98}"
EndProject
Project("{FAE04EC0-301F-11D3-BF4B-00C04F79EFBC}") = "NFCRing.Service.Common", "Service\NFCRingServiceCommon\NFCRing.Service.Common.csproj", "{79ABAFA4-54D9-4333-B34C-E4044A3346AB}"
EndProject
Project("{2150E333-8FDC-42A3-9474-1A3956D46DE8}") = "Plugins", "Plugins", "{1C52B6B0-01BA-4A28-889B-4EBE3577E6A4}"
EndProject
Project("{FAE04EC0-301F-11D3-BF4B-00C04F79EFBC}") = "NFCRing.Plugin.Lock", "Service\Plugins\NFCRing.Plugin.Lock\NFCRing.Plugin.Lock.csproj", "{438C01C1-236E-449C-A086-823AE14C839F}"
EndProject
Project("{FAE04EC0-301F-11D3-BF4B-00C04F79EFBC}") = "NFCRing.Plugin.Unlock", "Service\Plugins\NFCRing.Plugin.Unlock\NFCRing.Plugin.Unlock.csproj", "{E916B095-4C32-44E0-AB84-844B02E0F7B4}"
EndProject
Project("{2150E333-8FDC-42A3-9474-1A3956D46DE8}") = "UI", "UI", "{FE1028A2-C9BB-4D8F-A6BB-5DE9EE17DCCE}"
EndProject
Project("{FAE04EC0-301F-11D3-BF4B-00C04F79EFBC}") = "NFCRing.UI.View", "UI\NFCRing.UI.View\NFCRing.UI.View.csproj", "{4219B31E-1DBD-45E3-AA46-C7D6A1C9A57C}"
EndProject
Project("{FAE04EC0-301F-11D3-BF4B-00C04F79EFBC}") = "NFCRing.UI.ViewModel", "UI\NFCRing.UI.ViewModel\NFCRing.UI.ViewModel.csproj", "{3C759847-3550-47F4-91D2-45B98C620780}"
EndProject
Global
	GlobalSection(SolutionConfigurationPlatforms) = preSolution
		Debug|Any CPU = Debug|Any CPU
		Debug|Win32 = Debug|Win32
		Debug|x64 = Debug|x64
		Release|Any CPU = Release|Any CPU
		Release|Win32 = Release|Win32
		Release|x64 = Release|x64
	EndGlobalSection
	GlobalSection(ProjectConfigurationPlatforms) = postSolution
		{D1F100CA-0215-405D-9B43-7C0AAAAC8880}.Debug|Any CPU.ActiveCfg = Debug|Win32
		{D1F100CA-0215-405D-9B43-7C0AAAAC8880}.Debug|Win32.ActiveCfg = Debug|Win32
		{D1F100CA-0215-405D-9B43-7C0AAAAC8880}.Debug|Win32.Build.0 = Debug|Win32
		{D1F100CA-0215-405D-9B43-7C0AAAAC8880}.Debug|x64.ActiveCfg = Debug|x64
		{D1F100CA-0215-405D-9B43-7C0AAAAC8880}.Debug|x64.Build.0 = Debug|x64
		{D1F100CA-0215-405D-9B43-7C0AAAAC8880}.Release|Any CPU.ActiveCfg = Release|Win32
		{D1F100CA-0215-405D-9B43-7C0AAAAC8880}.Release|Win32.ActiveCfg = Release|Win32
		{D1F100CA-0215-405D-9B43-7C0AAAAC8880}.Release|Win32.Build.0 = Release|Win32
		{D1F100CA-0215-405D-9B43-7C0AAAAC8880}.Release|x64.ActiveCfg = Release|x64
		{D1F100CA-0215-405D-9B43-7C0AAAAC8880}.Release|x64.Build.0 = Release|x64
		{6181F937-13C7-4F37-B011-B3828985E402}.Debug|Any CPU.ActiveCfg = Debug|Win32
		{6181F937-13C7-4F37-B011-B3828985E402}.Debug|Win32.ActiveCfg = Debug|Win32
		{6181F937-13C7-4F37-B011-B3828985E402}.Debug|Win32.Build.0 = Debug|Win32
		{6181F937-13C7-4F37-B011-B3828985E402}.Debug|x64.ActiveCfg = Debug|x64
		{6181F937-13C7-4F37-B011-B3828985E402}.Debug|x64.Build.0 = Debug|x64
		{6181F937-13C7-4F37-B011-B3828985E402}.Release|Any CPU.ActiveCfg = Release|Win32
		{6181F937-13C7-4F37-B011-B3828985E402}.Release|Win32.ActiveCfg = Release|Win32
		{6181F937-13C7-4F37-B011-B3828985E402}.Release|Win32.Build.0 = Release|Win32
		{6181F937-13C7-4F37-B011-B3828985E402}.Release|x64.ActiveCfg = Release|x64
		{6181F937-13C7-4F37-B011-B3828985E402}.Release|x64.Build.0 = Release|x64
		{4D0363DB-8E8C-4AA7-8EAA-3D2A140670FC}.Debug|Any CPU.ActiveCfg = Debug|Win32
		{4D0363DB-8E8C-4AA7-8EAA-3D2A140670FC}.Debug|Win32.ActiveCfg = Debug|Win32
		{4D0363DB-8E8C-4AA7-8EAA-3D2A140670FC}.Debug|Win32.Build.0 = Debug|Win32
		{4D0363DB-8E8C-4AA7-8EAA-3D2A140670FC}.Debug|x64.ActiveCfg = Debug|x64
		{4D0363DB-8E8C-4AA7-8EAA-3D2A140670FC}.Debug|x64.Build.0 = Debug|x64
		{4D0363DB-8E8C-4AA7-8EAA-3D2A140670FC}.Release|Any CPU.ActiveCfg = Release|Win32
		{4D0363DB-8E8C-4AA7-8EAA-3D2A140670FC}.Release|Win32.ActiveCfg = Release|Win32
		{4D0363DB-8E8C-4AA7-8EAA-3D2A140670FC}.Release|Win32.Build.0 = Release|Win32
		{4D0363DB-8E8C-4AA7-8EAA-3D2A140670FC}.Release|x64.ActiveCfg = Release|x64
		{4D0363DB-8E8C-4AA7-8EAA-3D2A140670FC}.Release|x64.Build.0 = Release|x64
		{6DEAB8BD-E316-4056-894A-DD5ECB1D59B7}.Debug|Any CPU.ActiveCfg = Debug|Any CPU
		{6DEAB8BD-E316-4056-894A-DD5ECB1D59B7}.Debug|Any CPU.Build.0 = Debug|Any CPU
		{6DEAB8BD-E316-4056-894A-DD5ECB1D59B7}.Debug|Win32.ActiveCfg = Debug|Any CPU
		{6DEAB8BD-E316-4056-894A-DD5ECB1D59B7}.Debug|x64.ActiveCfg = Debug|x64
		{6DEAB8BD-E316-4056-894A-DD5ECB1D59B7}.Debug|x64.Build.0 = Debug|x64
		{6DEAB8BD-E316-4056-894A-DD5ECB1D59B7}.Release|Any CPU.ActiveCfg = Release|Any CPU
		{6DEAB8BD-E316-4056-894A-DD5ECB1D59B7}.Release|Any CPU.Build.0 = Release|Any CPU
		{6DEAB8BD-E316-4056-894A-DD5ECB1D59B7}.Release|Win32.ActiveCfg = Release|Any CPU
		{6DEAB8BD-E316-4056-894A-DD5ECB1D59B7}.Release|x64.ActiveCfg = Release|x64
		{6DEAB8BD-E316-4056-894A-DD5ECB1D59B7}.Release|x64.Build.0 = Release|x64
		{379FBAB4-4421-4995-8229-9641F6D08671}.Debug|Any CPU.ActiveCfg = Debug|Any CPU
		{379FBAB4-4421-4995-8229-9641F6D08671}.Debug|Any CPU.Build.0 = Debug|Any CPU
		{379FBAB4-4421-4995-8229-9641F6D08671}.Debug|Win32.ActiveCfg = Debug|Any CPU
		{379FBAB4-4421-4995-8229-9641F6D08671}.Debug|x64.ActiveCfg = Debug|x64
		{379FBAB4-4421-4995-8229-9641F6D08671}.Debug|x64.Build.0 = Debug|x64
		{379FBAB4-4421-4995-8229-9641F6D08671}.Release|Any CPU.ActiveCfg = Release|Any CPU
		{379FBAB4-4421-4995-8229-9641F6D08671}.Release|Any CPU.Build.0 = Release|Any CPU
		{379FBAB4-4421-4995-8229-9641F6D08671}.Release|Win32.ActiveCfg = Release|Any CPU
		{379FBAB4-4421-4995-8229-9641F6D08671}.Release|x64.ActiveCfg = Release|x64
		{379FBAB4-4421-4995-8229-9641F6D08671}.Release|x64.Build.0 = Release|x64
		{2B5956FC-B173-4744-8D1A-D839899E8A98}.Debug|Any CPU.ActiveCfg = Debug|Any CPU
		{2B5956FC-B173-4744-8D1A-D839899E8A98}.Debug|Any CPU.Build.0 = Debug|Any CPU
		{2B5956FC-B173-4744-8D1A-D839899E8A98}.Debug|Win32.ActiveCfg = Debug|Any CPU
		{2B5956FC-B173-4744-8D1A-D839899E8A98}.Debug|x64.ActiveCfg = Debug|x64
		{2B5956FC-B173-4744-8D1A-D839899E8A98}.Debug|x64.Build.0 = Debug|x64
		{2B5956FC-B173-4744-8D1A-D839899E8A98}.Release|Any CPU.ActiveCfg = Release|Any CPU
		{2B5956FC-B173-4744-8D1A-D839899E8A98}.Release|Any CPU.Build.0 = Release|Any CPU
		{2B5956FC-B173-4744-8D1A-D839899E8A98}.Release|Win32.ActiveCfg = Release|Any CPU
		{2B5956FC-B173-4744-8D1A-D839899E8A98}.Release|x64.ActiveCfg = Release|x64
		{2B5956FC-B173-4744-8D1A-D839899E8A98}.Release|x64.Build.0 = Release|x64
		{79ABAFA4-54D9-4333-B34C-E4044A3346AB}.Debug|Any CPU.ActiveCfg = Debug|Any CPU
		{79ABAFA4-54D9-4333-B34C-E4044A3346AB}.Debug|Any CPU.Build.0 = Debug|Any CPU
		{79ABAFA4-54D9-4333-B34C-E4044A3346AB}.Debug|Win32.ActiveCfg = Debug|Any CPU
		{79ABAFA4-54D9-4333-B34C-E4044A3346AB}.Debug|x64.ActiveCfg = Debug|x64
		{79ABAFA4-54D9-4333-B34C-E4044A3346AB}.Debug|x64.Build.0 = Debug|x64
		{79ABAFA4-54D9-4333-B34C-E4044A3346AB}.Release|Any CPU.ActiveCfg = Release|Any CPU
		{79ABAFA4-54D9-4333-B34C-E4044A3346AB}.Release|Any CPU.Build.0 = Release|Any CPU
		{79ABAFA4-54D9-4333-B34C-E4044A3346AB}.Release|Win32.ActiveCfg = Release|Any CPU
		{79ABAFA4-54D9-4333-B34C-E4044A3346AB}.Release|x64.ActiveCfg = Release|x64
		{79ABAFA4-54D9-4333-B34C-E4044A3346AB}.Release|x64.Build.0 = Release|x64
		{438C01C1-236E-449C-A086-823AE14C839F}.Debug|Any CPU.ActiveCfg = Debug|Any CPU
		{438C01C1-236E-449C-A086-823AE14C839F}.Debug|Any CPU.Build.0 = Debug|Any CPU
		{438C01C1-236E-449C-A086-823AE14C839F}.Debug|Win32.ActiveCfg = Debug|Any CPU
		{438C01C1-236E-449C-A086-823AE14C839F}.Debug|x64.ActiveCfg = Debug|x64
		{438C01C1-236E-449C-A086-823AE14C839F}.Debug|x64.Build.0 = Debug|x64
		{438C01C1-236E-449C-A086-823AE14C839F}.Release|Any CPU.ActiveCfg = Release|Any CPU
		{438C01C1-236E-449C-A086-823AE14C839F}.Release|Any CPU.Build.0 = Release|Any CPU
		{438C01C1-236E-449C-A086-823AE14C839F}.Release|Win32.ActiveCfg = Release|Any CPU
		{438C01C1-236E-449C-A086-823AE14C839F}.Release|x64.ActiveCfg = Release|x64
		{438C01C1-236E-449C-A086-823AE14C839F}.Release|x64.Build.0 = Release|x64
		{E916B095-4C32-44E0-AB84-844B02E0F7B4}.Debug|Any CPU.ActiveCfg = Debug|Any CPU
		{E916B095-4C32-44E0-AB84-844B02E0F7B4}.Debug|Any CPU.Build.0 = Debug|Any CPU
		{E916B095-4C32-44E0-AB84-844B02E0F7B4}.Debug|Win32.ActiveCfg = Debug|Any CPU
		{E916B095-4C32-44E0-AB84-844B02E0F7B4}.Debug|x64.ActiveCfg = Debug|x64
		{E916B095-4C32-44E0-AB84-844B02E0F7B4}.Debug|x64.Build.0 = Debug|x64
		{E916B095-4C32-44E0-AB84-844B02E0F7B4}.Release|Any CPU.ActiveCfg = Release|Any CPU
		{E916B095-4C32-44E0-AB84-844B02E0F7B4}.Release|Any CPU.Build.0 = Release|Any CPU
		{E916B095-4C32-44E0-AB84-844B02E0F7B4}.Release|Win32.ActiveCfg = Release|Any CPU
		{E916B095-4C32-44E0-AB84-844B02E0F7B4}.Release|x64.ActiveCfg = Release|x64
		{E916B095-4C32-44E0-AB84-844B02E0F7B4}.Release|x64.Build.0 = Release|x64
		{4219B31E-1DBD-45E3-AA46-C7D6A1C9A57C}.Debug|Any CPU.ActiveCfg = Debug|Any CPU
		{4219B31E-1DBD-45E3-AA46-C7D6A1C9A57C}.Debug|Any CPU.Build.0 = Debug|Any CPU
		{4219B31E-1DBD-45E3-AA46-C7D6A1C9A57C}.Debug|Win32.ActiveCfg = Debug|Any CPU
		{4219B31E-1DBD-45E3-AA46-C7D6A1C9A57C}.Debug|Win32.Build.0 = Debug|Any CPU
		{4219B31E-1DBD-45E3-AA46-C7D6A1C9A57C}.Debug|x64.ActiveCfg = Debug|x64
		{4219B31E-1DBD-45E3-AA46-C7D6A1C9A57C}.Debug|x64.Build.0 = Debug|x64
		{4219B31E-1DBD-45E3-AA46-C7D6A1C9A57C}.Release|Any CPU.ActiveCfg = Release|Any CPU
		{4219B31E-1DBD-45E3-AA46-C7D6A1C9A57C}.Release|Any CPU.Build.0 = Release|Any CPU
		{4219B31E-1DBD-45E3-AA46-C7D6A1C9A57C}.Release|Win32.ActiveCfg = Release|Any CPU
		{4219B31E-1DBD-45E3-AA46-C7D6A1C9A57C}.Release|Win32.Build.0 = Release|Any CPU
		{4219B31E-1DBD-45E3-AA46-C7D6A1C9A57C}.Release|x64.ActiveCfg = Release|Any CPU
		{4219B31E-1DBD-45E3-AA46-C7D6A1C9A57C}.Release|x64.Build.0 = Release|Any CPU
		{3C759847-3550-47F4-91D2-45B98C620780}.Debug|Any CPU.ActiveCfg = Debug|Any CPU
		{3C759847-3550-47F4-91D2-45B98C620780}.Debug|Any CPU.Build.0 = Debug|Any CPU
		{3C759847-3550-47F4-91D2-45B98C620780}.Debug|Win32.ActiveCfg = Debug|Any CPU
		{3C759847-3550-47F4-91D2-45B98C620780}.Debug|Win32.Build.0 = Debug|Any CPU
		{3C759847-3550-47F4-91D2-45B98C620780}.Debug|x64.ActiveCfg = Debug|x64
		{3C759847-3550-47F4-91D2-45B98C620780}.Debug|x64.Build.0 = Debug|x64
		{3C759847-3550-47F4-91D2-45B98C620780}.Release|Any CPU.ActiveCfg = Release|Any CPU
		{3C759847-3550-47F4-91D2-45B98C620780}.Release|Any CPU.Build.0 = Release|Any CPU
		{3C759847-3550-47F4-91D2-45B98C620780}.Release|Win32.ActiveCfg = Release|Any CPU
		{3C759847-3550-47F4-91D2-45B98C620780}.Release|Win32.Build.0 = Release|Any CPU
		{3C759847-3550-47F4-91D2-45B98C620780}.Release|x64.ActiveCfg = Release|Any CPU
		{3C759847-3550-47F4-91D2-45B98C620780}.Release|x64.Build.0 = Release|Any CPU
	EndGlobalSection
	GlobalSection(SolutionProperties) = preSolution
		HideSolutionNode = FALSE
	EndGlobalSection
	GlobalSection(NestedProjects) = preSolution
		{D1F100CA-0215-405D-9B43-7C0AAAAC8880} = {E01681B9-9A8B-4372-880F-C720FB2A8AF2}
		{6181F937-13C7-4F37-B011-B3828985E402} = {E01681B9-9A8B-4372-880F-C720FB2A8AF2}
		{4D0363DB-8E8C-4AA7-8EAA-3D2A140670FC} = {E01681B9-9A8B-4372-880F-C720FB2A8AF2}
		{6DEAB8BD-E316-4056-894A-DD5ECB1D59B7} = {DC509393-E886-40F3-8D46-ED0700052B09}
		{379FBAB4-4421-4995-8229-9641F6D08671} = {87F747C0-9E2F-49CA-9AF1-783DE0E44C88}
		{2B5956FC-B173-4744-8D1A-D839899E8A98} = {87F747C0-9E2F-49CA-9AF1-783DE0E44C88}
		{79ABAFA4-54D9-4333-B34C-E4044A3346AB} = {87F747C0-9E2F-49CA-9AF1-783DE0E44C88}
		{1C52B6B0-01BA-4A28-889B-4EBE3577E6A4} = {87F747C0-9E2F-49CA-9AF1-783DE0E44C88}
		{438C01C1-236E-449C-A086-823AE14C839F} = {1C52B6B0-01BA-4A28-889B-4EBE3577E6A4}
		{E916B095-4C32-44E0-AB84-844B02E0F7B4} = {1C52B6B0-01BA-4A28-889B-4EBE3577E6A4}
		{4219B31E-1DBD-45E3-AA46-C7D6A1C9A57C} = {FE1028A2-C9BB-4D8F-A6BB-5DE9EE17DCCE}
		{3C759847-3550-47F4-91D2-45B98C620780} = {FE1028A2-C9BB-4D8F-A6BB-5DE9EE17DCCE}
	EndGlobalSection
	GlobalSection(ExtensibilityGlobals) = postSolution
		SolutionGuid = {B0ACB3A7-7571-4F5D-B48C-6E19B7B1BC08}
	EndGlobalSection
EndGlobal
